PODS:
  - Alamofire (4.8.0)
  - networkLayer (0.1.2):
    - Alamofire (= 4.8.0)
  - RxAtomic (4.4.2)
  - RxSwift (4.4.2):
    - RxAtomic (>= 4.4.2, ~> 4.4)

DEPENDENCIES:
  - networkLayer (= 0.1.2)
  - RxSwift (= 4.4.2)

SPEC REPOS:
  https://github.com/cocoapods/specs.git:
    - Alamofire
    - RxAtomic
    - RxSwift
  https://github.com/DavidDuarte22/privateSpecs.git:
    - networkLayer

SPEC CHECKSUMS:
  Alamofire: 3ec537f71edc9804815215393ae2b1a8ea33a844
  networkLayer: 348803f07c311606dc45eaf51ef87d08d5d1fedd
  RxAtomic: d00e97c10db88c6f08540e0bf2752fc5a2404167
  RxSwift: 74c29b693c8e42b0f64400e8b06564575742d649

PODFILE CHECKSUM: c3bf9fbd34b81785965d0876dbc4293154ae5a87

COCOAPODS: 1.7.4
